
Microsoft Visual Studio Solution File, Format Version 12.00
# Visual Studio Version 16
VisualStudioVersion = 16.0.31321.278
MinimumVisualStudioVersion = 10.0.40219.1
Project("{FAE04EC0-301F-11D3-BF4B-00C04F79EFBC}") = "lab2dn", "lab2dn.csproj", "{B8F1493C-3102-4593-9922-71D27BB3EA46}"
EndProject
Global
	GlobalSection(SolutionConfigurationPlatforms) = preSolution
		Debug|Any CPU = Debug|Any CPU
		Release|Any CPU = Release|Any CPU
	EndGlobalSection
	GlobalSection(ProjectConfigurationPlatforms) = postSolution
		{B8F1493C-3102-4593-9922-71D27BB3EA46}.Debug|Any CPU.ActiveCfg = Debug|Any CPU
		{B8F1493C-3102-4593-9922-71D27BB3EA46}.Debug|Any CPU.Build.0 = Debug|Any CPU
		{B8F1493C-3102-4593-9922-71D27BB3EA46}.Release|Any CPU.ActiveCfg = Release|Any CPU
		{B8F1493C-3102-4593-9922-71D27BB3EA46}.Release|Any CPU.Build.0 = Release|Any CPU
	EndGlobalSection
	GlobalSection(SolutionProperties) = preSolution
		HideSolutionNode = FALSE
	EndGlobalSection
	GlobalSection(ExtensibilityGlobals) = postSolution
		SolutionGuid = {3AB2D57E-3D57-464F-9250-3E7F0FE31C8B}
	EndGlobalSection
EndGlobal
